
Microsoft Visual Studio Solution File, Format Version 12.00
# Visual Studio Version 16
VisualStudioVersion = 16.0.29519.181
MinimumVisualStudioVersion = 10.0.40219.1
Project("{9A19103F-16F7-4668-BE54-9A1E7A4F7556}") = "MyWeatherApp.ConsoleClient", "MyWeatherApp.ConsoleClient\MyWeatherApp.ConsoleClient.csproj", "{12F821F9-9F7D-427D-98A9-046F6B9890F6}"
EndProject
Project("{9A19103F-16F7-4668-BE54-9A1E7A4F7556}") = "MyWeatherApp.DB", "MyWeatherApp.DB\MyWeatherApp.DB.csproj", "{680186F4-594E-4761-A4F7-1A3CF94604E7}"
EndProject
Project("{9A19103F-16F7-4668-BE54-9A1E7A4F7556}") = "MyWeatherApp.Models", "MyWeatherApp.Models\MyWeatherApp.Models.csproj", "{13B23DDD-CB61-4989-A725-BB00F17447A4}"
EndProject
Project("{9A19103F-16F7-4668-BE54-9A1E7A4F7556}") = "MyWeatherApp.Services", "MyWeatherApp.Services\MyWeatherApp.Services.csproj", "{637ECA6B-7713-4536-B1CD-686EEDA873F2}"
EndProject
Project("{9A19103F-16F7-4668-BE54-9A1E7A4F7556}") = "MyWeatherApp.Web", "MyWeatherApp.Web\MyWeatherApp.Web.csproj", "{51B0E8E1-80A3-47A0-975A-A7864FBCCFAC}"
EndProject
Global
	GlobalSection(SolutionConfigurationPlatforms) = preSolution
		Debug|Any CPU = Debug|Any CPU
		Release|Any CPU = Release|Any CPU
	EndGlobalSection
	GlobalSection(ProjectConfigurationPlatforms) = postSolution
		{12F821F9-9F7D-427D-98A9-046F6B9890F6}.Debug|Any CPU.ActiveCfg = Debug|Any CPU
		{12F821F9-9F7D-427D-98A9-046F6B9890F6}.Debug|Any CPU.Build.0 = Debug|Any CPU
		{12F821F9-9F7D-427D-98A9-046F6B9890F6}.Release|Any CPU.ActiveCfg = Release|Any CPU
		{12F821F9-9F7D-427D-98A9-046F6B9890F6}.Release|Any CPU.Build.0 = Release|Any CPU
		{680186F4-594E-4761-A4F7-1A3CF94604E7}.Debug|Any CPU.ActiveCfg = Debug|Any CPU
		{680186F4-594E-4761-A4F7-1A3CF94604E7}.Debug|Any CPU.Build.0 = Debug|Any CPU
		{680186F4-594E-4761-A4F7-1A3CF94604E7}.Release|Any CPU.ActiveCfg = Release|Any CPU
		{680186F4-594E-4761-A4F7-1A3CF94604E7}.Release|Any CPU.Build.0 = Release|Any CPU
		{13B23DDD-CB61-4989-A725-BB00F17447A4}.Debug|Any CPU.ActiveCfg = Debug|Any CPU
		{13B23DDD-CB61-4989-A725-BB00F17447A4}.Debug|Any CPU.Build.0 = Debug|Any CPU
		{13B23DDD-CB61-4989-A725-BB00F17447A4}.Release|Any CPU.ActiveCfg = Release|Any CPU
		{13B23DDD-CB61-4989-A725-BB00F17447A4}.Release|Any CPU.Build.0 = Release|Any CPU
		{637ECA6B-7713-4536-B1CD-686EEDA873F2}.Debug|Any CPU.ActiveCfg = Debug|Any CPU
		{637ECA6B-7713-4536-B1CD-686EEDA873F2}.Debug|Any CPU.Build.0 = Debug|Any CPU
		{637ECA6B-7713-4536-B1CD-686EEDA873F2}.Release|Any CPU.ActiveCfg = Release|Any CPU
		{637ECA6B-7713-4536-B1CD-686EEDA873F2}.Release|Any CPU.Build.0 = Release|Any CPU
		{51B0E8E1-80A3-47A0-975A-A7864FBCCFAC}.Debug|Any CPU.ActiveCfg = Debug|Any CPU
		{51B0E8E1-80A3-47A0-975A-A7864FBCCFAC}.Debug|Any CPU.Build.0 = Debug|Any CPU
		{51B0E8E1-80A3-47A0-975A-A7864FBCCFAC}.Release|Any CPU.ActiveCfg = Release|Any CPU
		{51B0E8E1-80A3-47A0-975A-A7864FBCCFAC}.Release|Any CPU.Build.0 = Release|Any CPU
	EndGlobalSection
	GlobalSection(SolutionProperties) = preSolution
		HideSolutionNode = FALSE
	EndGlobalSection
	GlobalSection(ExtensibilityGlobals) = postSolution
		SolutionGuid = {FA77F0DB-8A31-411C-9646-C87A5BA2D7C1}
	EndGlobalSection
EndGlobal
